{
    "_readme": [
        "This file locks the dependencies of your project to a known state",
        "Read more about it at https://getcomposer.org/doc/01-basic-usage.md#installing-dependencies",
        "This file is @generated automatically"
    ],
    "content-hash": "e879fdf3c9ccd5825e35d9d862113246",
    "packages": [
        {
            "name": "karson/mpesa-php-sdk",
            "version": "1.1.1",
            "source": {
                "type": "git",
                "url": "https://github.com/karson/mpesa-php-sdk.git",
                "reference": "d631541a35dfcd08647afdb0297571267b2d5d24"
            },
            "dist": {
                "type": "zip",
                "url": "https://api.github.com/repos/karson/mpesa-php-sdk/zipball/d631541a35dfcd08647afdb0297571267b2d5d24",
                "reference": "d631541a35dfcd08647afdb0297571267b2d5d24",
                "shasum": ""
            },
            "require": {
                "php": "^7.1"
            },
            "require-dev": {
                "phpunit/phpunit": "^7.0"
            },
            "type": "library",
            "autoload": {
                "psr-4": {
                    "Karson\\MpesaPhpSdk\\": "src"
                }
            },
            "notification-url": "https://packagist.org/downloads/",
            "license": [
                "MIT"
            ],
            "authors": [
                {
                    "name": "Karson Adam",
                    "email": "karson@turbohost.co",
                    "role": "Developer"
                }
            ],
            "homepage": "https://github.com/karson/mpesa-php-sdk",
            "keywords": [
                "karson",
                "mpesa",
                "mpesa-api",
                "mpesa-php-sdk",
                "mpesa-sdk",
                "mpesaapi",
                "payment-gateway"
            ],
            "time": "2020-04-13T01:23:38+00:00"
        }
    ],
    "packages-dev": [],
    "aliases": [],
    "minimum-stability": "stable",
    "stability-flags": [],
    "prefer-stable": false,
    "prefer-lowest": false,
    "platform": [],
    "platform-dev": []
}
